
Microsoft Visual Studio Solution File, Format Version 12.00
# Visual Studio Version 17
VisualStudioVersion = 17.13.35825.156
MinimumVisualStudioVersion = 10.0.40219.1
Project("{FAE04EC0-301F-11D3-BF4B-00C04F79EFBC}") = "BillableTracking_Mobile3", "BillableTracking_Mobile3\BillableTracking_Mobile3.csproj", "{559C192F-37E8-4E81-8519-BCF42E6C96DE}"
EndProject
Global
	GlobalSection(SolutionConfigurationPlatforms) = preSolution
		Debug|Any CPU = Debug|Any CPU
		Release|Any CPU = Release|Any CPU
	EndGlobalSection
	GlobalSection(ProjectConfigurationPlatforms) = postSolution
		{559C192F-37E8-4E81-8519-BCF42E6C96DE}.Debug|Any CPU.ActiveCfg = Debug|Any CPU
		{559C192F-37E8-4E81-8519-BCF42E6C96DE}.Debug|Any CPU.Build.0 = Debug|Any CPU
		{559C192F-37E8-4E81-8519-BCF42E6C96DE}.Debug|Any CPU.Deploy.0 = Debug|Any CPU
		{559C192F-37E8-4E81-8519-BCF42E6C96DE}.Release|Any CPU.ActiveCfg = Release|Any CPU
		{559C192F-37E8-4E81-8519-BCF42E6C96DE}.Release|Any CPU.Build.0 = Release|Any CPU
		{559C192F-37E8-4E81-8519-BCF42E6C96DE}.Release|Any CPU.Deploy.0 = Release|Any CPU
	EndGlobalSection
	GlobalSection(SolutionProperties) = preSolution
		HideSolutionNode = FALSE
	EndGlobalSection
	GlobalSection(ExtensibilityGlobals) = postSolution
		SolutionGuid = {04B3451D-F236-4973-8AD5-5A22369CB1E4}
	EndGlobalSection
EndGlobal
